
Microsoft Visual Studio Solution File, Format Version 12.00
# Visual Studio Version 16
VisualStudioVersion = 16.0.30204.135
MinimumVisualStudioVersion = 10.0.40219.1
Project("{FAE04EC0-301F-11D3-BF4B-00C04F79EFBC}") = "WebApiOpenfact", "WebApiOpenfact\WebApiOpenfact.csproj", "{69316626-B49C-4AC2-980B-864D71C0BF25}"
EndProject
Global
	GlobalSection(SolutionConfigurationPlatforms) = preSolution
		Debug|Any CPU = Debug|Any CPU
		Release|Any CPU = Release|Any CPU
	EndGlobalSection
	GlobalSection(ProjectConfigurationPlatforms) = postSolution
		{69316626-B49C-4AC2-980B-864D71C0BF25}.Debug|Any CPU.ActiveCfg = Debug|Any CPU
		{69316626-B49C-4AC2-980B-864D71C0BF25}.Debug|Any CPU.Build.0 = Debug|Any CPU
		{69316626-B49C-4AC2-980B-864D71C0BF25}.Release|Any CPU.ActiveCfg = Release|Any CPU
		{69316626-B49C-4AC2-980B-864D71C0BF25}.Release|Any CPU.Build.0 = Release|Any CPU
	EndGlobalSection
	GlobalSection(SolutionProperties) = preSolution
		HideSolutionNode = FALSE
	EndGlobalSection
	GlobalSection(ExtensibilityGlobals) = postSolution
		SolutionGuid = {7A2E630B-D9B8-4D7B-82FC-1A533154B64E}
	EndGlobalSection
EndGlobal
